
Microsoft Visual Studio Solution File, Format Version 12.00
# Visual Studio Version 17
VisualStudioVersion = 17.11.35312.102
MinimumVisualStudioVersion = 10.0.40219.1
Project("{FAE04EC0-301F-11D3-BF4B-00C04F79EFBC}") = "01_MainSubjects", "01_MainSubjects\01_MainSubjects.csproj", "{56E3F991-58D3-433E-826E-4EA9A69D6949}"
EndProject
Project("{FAE04EC0-301F-11D3-BF4B-00C04F79EFBC}") = "02_Variables", "02_Variables\02_Variables.csproj", "{81532EBE-9C62-4695-A91B-401854A763DA}"
EndProject
Global
	GlobalSection(SolutionConfigurationPlatforms) = preSolution
		Debug|Any CPU = Debug|Any CPU
		Release|Any CPU = Release|Any CPU
	EndGlobalSection
	GlobalSection(ProjectConfigurationPlatforms) = postSolution
		{56E3F991-58D3-433E-826E-4EA9A69D6949}.Debug|Any CPU.ActiveCfg = Debug|Any CPU
		{56E3F991-58D3-433E-826E-4EA9A69D6949}.Debug|Any CPU.Build.0 = Debug|Any CPU
		{56E3F991-58D3-433E-826E-4EA9A69D6949}.Release|Any CPU.ActiveCfg = Release|Any CPU
		{56E3F991-58D3-433E-826E-4EA9A69D6949}.Release|Any CPU.Build.0 = Release|Any CPU
		{81532EBE-9C62-4695-A91B-401854A763DA}.Debug|Any CPU.ActiveCfg = Debug|Any CPU
		{81532EBE-9C62-4695-A91B-401854A763DA}.Debug|Any CPU.Build.0 = Debug|Any CPU
		{81532EBE-9C62-4695-A91B-401854A763DA}.Release|Any CPU.ActiveCfg = Release|Any CPU
		{81532EBE-9C62-4695-A91B-401854A763DA}.Release|Any CPU.Build.0 = Release|Any CPU
	EndGlobalSection
	GlobalSection(SolutionProperties) = preSolution
		HideSolutionNode = FALSE
	EndGlobalSection
	GlobalSection(ExtensibilityGlobals) = postSolution
		SolutionGuid = {4E822F9A-31C3-4476-8EFA-F658CBA41FED}
	EndGlobalSection
EndGlobal
